
Microsoft Visual Studio Solution File, Format Version 12.00
# Visual Studio Version 16
VisualStudioVersion = 16.0.30330.147
MinimumVisualStudioVersion = 10.0.40219.1
Project("{FAE04EC0-301F-11D3-BF4B-00C04F79EFBC}") = "Simple Data Type CharStringBoolTypes", "Simple Data Type CharStringBoolTypes\Simple Data Type CharStringBoolTypes.csproj", "{CF7B1216-43DE-4BF2-8AC3-25686A29E619}"
EndProject
Global
	GlobalSection(SolutionConfigurationPlatforms) = preSolution
		Debug|Any CPU = Debug|Any CPU
		Release|Any CPU = Release|Any CPU
	EndGlobalSection
	GlobalSection(ProjectConfigurationPlatforms) = postSolution
		{CF7B1216-43DE-4BF2-8AC3-25686A29E619}.Debug|Any CPU.ActiveCfg = Debug|Any CPU
		{CF7B1216-43DE-4BF2-8AC3-25686A29E619}.Debug|Any CPU.Build.0 = Debug|Any CPU
		{CF7B1216-43DE-4BF2-8AC3-25686A29E619}.Release|Any CPU.ActiveCfg = Release|Any CPU
		{CF7B1216-43DE-4BF2-8AC3-25686A29E619}.Release|Any CPU.Build.0 = Release|Any CPU
	EndGlobalSection
	GlobalSection(SolutionProperties) = preSolution
		HideSolutionNode = FALSE
	EndGlobalSection
	GlobalSection(ExtensibilityGlobals) = postSolution
		SolutionGuid = {BBA4E30C-3787-4A1A-9FFE-FFC58CB04E19}
	EndGlobalSection
EndGlobal
